
Microsoft Visual Studio Solution File, Format Version 12.00
Project("{2150E333-8FDC-42A3-9474-1A3956D46DE8}") = "Services", "Services", "{D4522611-F5BC-4EB7-B2BF-5BD232EF47FE}"
EndProject
Project("{2150E333-8FDC-42A3-9474-1A3956D46DE8}") = "Catalog", "Catalog", "{58C378AC-6062-4B91-892B-927D9DB83331}"
EndProject
Project("{FAE04EC0-301F-11D3-BF4B-00C04F79EFBC}") = "Catalog.Api", "Catalog.Api\Catalog.Api.csproj", "{F6DD6B90-15B0-4DA5-87E3-24E03820B753}"
EndProject
Project("{2150E333-8FDC-42A3-9474-1A3956D46DE8}") = "BuildingBlocks", "BuildingBlocks", "{490BE51D-4429-49DD-B9C3-E0BA9698485D}"
EndProject
Project("{FAE04EC0-301F-11D3-BF4B-00C04F79EFBC}") = "BuildingBlocks", "BuildingBlocks\BuildingBlocks.csproj", "{782DF3E2-70E9-487A-A1D0-D04FECE08766}"
EndProject
Project("{2150E333-8FDC-42A3-9474-1A3956D46DE8}") = "Solution Items", "Solution Items", "{E055542A-1AAF-4A0B-B168-CC0353D124D1}"
	ProjectSection(SolutionItems) = preProject
		compose.yaml = compose.yaml
	EndProjectSection
EndProject
Project("{2150E333-8FDC-42A3-9474-1A3956D46DE8}") = "Basket", "Basket", "{91BC2DDD-BBAF-4E80-9CCD-E7F303B62517}"
EndProject
Project("{FAE04EC0-301F-11D3-BF4B-00C04F79EFBC}") = "Basket.Api", "Basket.Api\Basket.Api.csproj", "{F2056E5E-5C7C-4E9D-B49A-C234180A1B25}"
EndProject
Project("{2150E333-8FDC-42A3-9474-1A3956D46DE8}") = "Discount", "Discount", "{0D916AF1-8075-4FD5-B3B5-74D1B12DBD75}"
EndProject
Project("{FAE04EC0-301F-11D3-BF4B-00C04F79EFBC}") = "Discount.Grpc", "Discount.Grpc\Discount.Grpc.csproj", "{19AA2DD1-F536-4986-BFDE-D10A370D7B49}"
EndProject
Project("{2150E333-8FDC-42A3-9474-1A3956D46DE8}") = "Ordering", "Ordering", "{CA6A7E20-2016-4BAA-902F-9E5CE4D1C569}"
EndProject
Project("{FAE04EC0-301F-11D3-BF4B-00C04F79EFBC}") = "Ordering.Api", "Ordering.Api\Ordering.Api.csproj", "{DF08B047-4DFC-478E-8A34-6D17E1001D3B}"
EndProject
Project("{FAE04EC0-301F-11D3-BF4B-00C04F79EFBC}") = "Ordering.Domain", "Ordering.Domain\Ordering.Domain.csproj", "{6D8B35F1-838E-4A60-99F3-2E269C14C216}"
EndProject
Project("{FAE04EC0-301F-11D3-BF4B-00C04F79EFBC}") = "Ordering.Application", "Ordering.Application\Ordering.Application.csproj", "{FEDF5205-E073-4BA2-9C73-318D07B29A37}"
EndProject
Project("{FAE04EC0-301F-11D3-BF4B-00C04F79EFBC}") = "Ordering.Infrastructure", "Ordering.Infrastructure\Ordering.Infrastructure.csproj", "{74CC8052-4678-4977-BA4E-532B49AFC58D}"
EndProject
Global
	GlobalSection(SolutionConfigurationPlatforms) = preSolution
		Debug|Any CPU = Debug|Any CPU
		Release|Any CPU = Release|Any CPU
	EndGlobalSection
	GlobalSection(ProjectConfigurationPlatforms) = postSolution
		{F6DD6B90-15B0-4DA5-87E3-24E03820B753}.Debug|Any CPU.ActiveCfg = Debug|Any CPU
		{F6DD6B90-15B0-4DA5-87E3-24E03820B753}.Debug|Any CPU.Build.0 = Debug|Any CPU
		{F6DD6B90-15B0-4DA5-87E3-24E03820B753}.Release|Any CPU.ActiveCfg = Release|Any CPU
		{F6DD6B90-15B0-4DA5-87E3-24E03820B753}.Release|Any CPU.Build.0 = Release|Any CPU
		{782DF3E2-70E9-487A-A1D0-D04FECE08766}.Debug|Any CPU.ActiveCfg = Debug|Any CPU
		{782DF3E2-70E9-487A-A1D0-D04FECE08766}.Debug|Any CPU.Build.0 = Debug|Any CPU
		{782DF3E2-70E9-487A-A1D0-D04FECE08766}.Release|Any CPU.ActiveCfg = Release|Any CPU
		{782DF3E2-70E9-487A-A1D0-D04FECE08766}.Release|Any CPU.Build.0 = Release|Any CPU
		{F2056E5E-5C7C-4E9D-B49A-C234180A1B25}.Debug|Any CPU.ActiveCfg = Debug|Any CPU
		{F2056E5E-5C7C-4E9D-B49A-C234180A1B25}.Debug|Any CPU.Build.0 = Debug|Any CPU
		{F2056E5E-5C7C-4E9D-B49A-C234180A1B25}.Release|Any CPU.ActiveCfg = Release|Any CPU
		{F2056E5E-5C7C-4E9D-B49A-C234180A1B25}.Release|Any CPU.Build.0 = Release|Any CPU
		{19AA2DD1-F536-4986-BFDE-D10A370D7B49}.Debug|Any CPU.ActiveCfg = Debug|Any CPU
		{19AA2DD1-F536-4986-BFDE-D10A370D7B49}.Debug|Any CPU.Build.0 = Debug|Any CPU
		{19AA2DD1-F536-4986-BFDE-D10A370D7B49}.Release|Any CPU.ActiveCfg = Release|Any CPU
		{19AA2DD1-F536-4986-BFDE-D10A370D7B49}.Release|Any CPU.Build.0 = Release|Any CPU
		{DF08B047-4DFC-478E-8A34-6D17E1001D3B}.Debug|Any CPU.ActiveCfg = Debug|Any CPU
		{DF08B047-4DFC-478E-8A34-6D17E1001D3B}.Debug|Any CPU.Build.0 = Debug|Any CPU
		{DF08B047-4DFC-478E-8A34-6D17E1001D3B}.Release|Any CPU.ActiveCfg = Release|Any CPU
		{DF08B047-4DFC-478E-8A34-6D17E1001D3B}.Release|Any CPU.Build.0 = Release|Any CPU
		{6D8B35F1-838E-4A60-99F3-2E269C14C216}.Debug|Any CPU.ActiveCfg = Debug|Any CPU
		{6D8B35F1-838E-4A60-99F3-2E269C14C216}.Debug|Any CPU.Build.0 = Debug|Any CPU
		{6D8B35F1-838E-4A60-99F3-2E269C14C216}.Release|Any CPU.ActiveCfg = Release|Any CPU
		{6D8B35F1-838E-4A60-99F3-2E269C14C216}.Release|Any CPU.Build.0 = Release|Any CPU
		{FEDF5205-E073-4BA2-9C73-318D07B29A37}.Debug|Any CPU.ActiveCfg = Debug|Any CPU
		{FEDF5205-E073-4BA2-9C73-318D07B29A37}.Debug|Any CPU.Build.0 = Debug|Any CPU
		{FEDF5205-E073-4BA2-9C73-318D07B29A37}.Release|Any CPU.ActiveCfg = Release|Any CPU
		{FEDF5205-E073-4BA2-9C73-318D07B29A37}.Release|Any CPU.Build.0 = Release|Any CPU
		{74CC8052-4678-4977-BA4E-532B49AFC58D}.Debug|Any CPU.ActiveCfg = Debug|Any CPU
		{74CC8052-4678-4977-BA4E-532B49AFC58D}.Debug|Any CPU.Build.0 = Debug|Any CPU
		{74CC8052-4678-4977-BA4E-532B49AFC58D}.Release|Any CPU.ActiveCfg = Release|Any CPU
		{74CC8052-4678-4977-BA4E-532B49AFC58D}.Release|Any CPU.Build.0 = Release|Any CPU
	EndGlobalSection
	GlobalSection(NestedProjects) = preSolution
		{58C378AC-6062-4B91-892B-927D9DB83331} = {D4522611-F5BC-4EB7-B2BF-5BD232EF47FE}
		{F6DD6B90-15B0-4DA5-87E3-24E03820B753} = {58C378AC-6062-4B91-892B-927D9DB83331}
		{782DF3E2-70E9-487A-A1D0-D04FECE08766} = {490BE51D-4429-49DD-B9C3-E0BA9698485D}
		{91BC2DDD-BBAF-4E80-9CCD-E7F303B62517} = {D4522611-F5BC-4EB7-B2BF-5BD232EF47FE}
		{F2056E5E-5C7C-4E9D-B49A-C234180A1B25} = {91BC2DDD-BBAF-4E80-9CCD-E7F303B62517}
		{0D916AF1-8075-4FD5-B3B5-74D1B12DBD75} = {D4522611-F5BC-4EB7-B2BF-5BD232EF47FE}
		{19AA2DD1-F536-4986-BFDE-D10A370D7B49} = {0D916AF1-8075-4FD5-B3B5-74D1B12DBD75}
		{CA6A7E20-2016-4BAA-902F-9E5CE4D1C569} = {D4522611-F5BC-4EB7-B2BF-5BD232EF47FE}
		{DF08B047-4DFC-478E-8A34-6D17E1001D3B} = {CA6A7E20-2016-4BAA-902F-9E5CE4D1C569}
		{6D8B35F1-838E-4A60-99F3-2E269C14C216} = {CA6A7E20-2016-4BAA-902F-9E5CE4D1C569}
		{FEDF5205-E073-4BA2-9C73-318D07B29A37} = {CA6A7E20-2016-4BAA-902F-9E5CE4D1C569}
		{74CC8052-4678-4977-BA4E-532B49AFC58D} = {CA6A7E20-2016-4BAA-902F-9E5CE4D1C569}
	EndGlobalSection
EndGlobal
